{
  "name": "cs2-masked-inspect-online",
  "lockfileVersion": 3,
  "requires": true,
  "packages": {
    "": {
      "name": "cs2-masked-inspect-online",
      "dependencies": {
        "@vlydev/cs2-masked-inspect": "^1.1.1"
      }
    },
    "node_modules/@vlydev/cs2-masked-inspect": {
      "version": "1.1.1",
      "resolved": "https://registry.npmjs.org/@vlydev/cs2-masked-inspect/-/cs2-masked-inspect-1.1.1.tgz",
      "integrity": "sha512-Y3kR7Xj0M+xgdk2zxsmlphsX7KpAe1EO2O7Q623T+OOV7ltYIh1dfot6Ebd7d85aRBI1og7JNnMdbPK53yafdw==",
      "license": "MIT",
      "engines": {
        "node": ">=18.0.0"
      }
    }
  }
}
