{
  "name": "cs2-masked-inspect-online",
  "lockfileVersion": 3,
  "requires": true,
  "packages": {
    "": {
      "name": "cs2-masked-inspect-online",
      "dependencies": {
        "@vlydev/cs2-masked-inspect": "^1.1.2"
      }
    },
    "node_modules/@vlydev/cs2-masked-inspect": {
      "version": "1.1.2",
      "resolved": "https://registry.npmjs.org/@vlydev/cs2-masked-inspect/-/cs2-masked-inspect-1.1.2.tgz",
      "integrity": "sha512-KP7Eyy8nXuoIGK8hkI9mtrCJQvQxClmBkgEgbBBljm3gAwrYwz2dpkttKaPznDxF/Vb2EfCOxQjjvPO+xGYXHA==",
      "license": "MIT",
      "engines": {
        "node": ">=18.0.0"
      }
    }
  }
}
